PODS:
  - Alamofire (4.9.0)
  - Moya (13.0.1):
    - Moya/Core (= 13.0.1)
  - Moya/Core (13.0.1):
    - Alamofire (~> 4.1)
    - Result (~> 4.1)
  - ReachabilitySwift (4.3.1)
  - Result (4.1.0)

DEPENDENCIES:
  - Moya
  - ReachabilitySwift

SPEC REPOS:
  trunk:
    - Alamofire
    - Moya
    - ReachabilitySwift
    - Result

SPEC CHECKSUMS:
  Alamofire: afc3e7c6db61476cb45cdd23fed06bad03bbc321
  Moya: f4a4b80ff2f8a4ffc208dfb31cd91636622fee6e
  ReachabilitySwift: 4032e2f59586e11e3b0ebe15b167abdd587a388b
  Result: bd966fac789cc6c1563440b348ab2598cc24d5c7

PODFILE CHECKSUM: f3e7bb337f99d1a22b46a1f7a3d2faa7dcccdddc

COCOAPODS: 1.8.3
